lockfileVersion: '9.0'
settings:
  autoInstallPeers: true
  excludeLinksFromLockfile: false
importers:
  .:
    dependencies:
      '@astrojs/cloudflare':
        specifier: 14.3.2
        version: 14.3.2(astro@7.3.3)
      '@astrojs/sitemap':
        specifier: 3.7.4
        version: 3.7.4
      '@tailwindcss/vite':
        specifier: 4.3.3
        version: 4.3.3
      astro:
        specifier: 7.3.3
        version: 7.3.3
      tailwindcss:
        specifier: 4.3.3
        version: 4.3.3
    devDependencies:
      '@astrojs/check':
        specifier: 0.9.10
        version: 0.9.10(typescript@6.0.3)
      typescript:
        specifier: 6.0.3
        version: 6.0.3
packages: {}
snapshots: {}
